// !$*UTF8*$!
{
	archiveVersion = 1;
	classes = {
	};
	objectVersion = 48;
	objects = {

/* Begin PBXBuildFile section */
		01E70B962049F0F500A15641 /* AppDelegate.swift in Sources */ = {isa = PBXBuildFile; fileRef = 01E70B952049F0F500A15641 /* AppDelegate.swift */; };
		01E70B982049F0F500A15641 /* MainVC.swift in Sources */ = {isa = PBXBuildFile; fileRef = 01E70B972049F0F500A15641 /* MainVC.swift */; };
		01E70B9B2049F0F500A15641 /* Main.storyboard in Resources */ = {isa = PBXBuildFile; fileRef = 01E70B992049F0F500A15641 /* Main.storyboard */; };
		01E70B9D2049F0F500A15641 /* Assets.xcassets in Resources */ = {isa = PBXBuildFile; fileRef = 01E70B9C2049F0F500A15641 /* Assets.xcassets */; };
		01E70BA02049F0F500A15641 /* LaunchScreen.storyboard in Resources */ = {isa = PBXBuildFile; fileRef = 01E70B9E2049F0F500A15641 /* LaunchScreen.storyboard */; };
		01E70BAB2049F0F500A15641 /* Window_ShopperTests.swift in Sources */ = {isa = PBXBuildFile; fileRef = 01E70BAA2049F0F500A15641 /* Window_ShopperTests.swift */; };
		01E70BB62049F0F600A15641 /* Window_ShopperUITests.swift in Sources */ = {isa = PBXBuildFile; fileRef = 01E70BB52049F0F600A15641 /* Window_ShopperUITests.swift */; };
		01E70BC7204AA3C500A15641 /* CurrencyTextField.swift in Sources */ = {isa = PBXBuildFile; fileRef = 01E70BC6204AA3C500A15641 /* CurrencyTextField.swift */; };
/* End PBXBuildFile section */

/* Begin PBXContainerItemProxy section */
		01E70BA72049F0F500A15641 /* PBXContainerItemProxy */ = {
			isa = PBXContainerItemProxy;
			containerPortal = 01E70B8A2049F0F400A15641 /* Project object */;
			proxyType = 1;
			remoteGlobalIDString = 01E70B912049F0F400A15641;
			remoteInfo = "Window Shopper";
		};
		01E70BB22049F0F500A15641 /* PBXContainerItemProxy */ = {
			isa = PBXContainerItemProxy;
			containerPortal = 01E70B8A2049F0F400A15641 /* Project object */;
			proxyType = 1;
			remoteGlobalIDString = 01E70B912049F0F400A15641;
			remoteInfo = "Window Shopper";
		};
/* End PBXContainerItemProxy section */

/* Begin PBXFileReference section */
		01E70B922049F0F500A15641 /* Window Shopper.app */ = {isa = PBXFileReference; explicitFileType = wrapper.application; includeInIndex = 0; path = "Window Shopper.app"; sourceTree = BUILT_PRODUCTS_DIR; };
		01E70B952049F0F500A15641 /* AppDelegate.swift */ = {isa = PBXFileReference; lastKnownFileType = sourcecode.swift; path = AppDelegate.swift; sourceTree = "<group>"; };
		01E70B972049F0F500A15641 /* MainVC.swift */ = {isa = PBXFileReference; lastKnownFileType = sourcecode.swift; path = MainVC.swift; sourceTree = "<group>"; };
		01E70B9A2049F0F500A15641 /* Base */ = {isa = PBXFileReference; lastKnownFileType = file.storyboard; name = Base; path = Base.lproj/Main.storyboard; sourceTree = "<group>"; };
		01E70B9C2049F0F500A15641 /* Assets.xcassets */ = {isa = PBXFileReference; lastKnownFileType = folder.assetcatalog; path = Assets.xcassets; sourceTree = "<group>"; };
		01E70B9F2049F0F500A15641 /* Base */ = {isa = PBXFileReference; lastKnownFileType = file.storyboard; name = Base; path = Base.lproj/LaunchScreen.storyboard; sourceTree = "<group>"; };
		01E70BA12049F0F500A15641 /* Info.plist */ = {isa = PBXFileReference; lastKnownFileType = text.plist.xml; path = Info.plist; sourceTree = "<group>"; };
		01E70BA62049F0F500A15641 /* Window ShopperTests.xctest */ = {isa = PBXFileReference; explicitFileType = wrapper.cfbundle; includeInIndex = 0; path = "Window ShopperTests.xctest"; sourceTree = BUILT_PRODUCTS_DIR; };
		01E70BAA2049F0F500A15641 /* Window_ShopperTests.swift */ = {isa = PBXFileReference; lastKnownFileType = sourcecode.swift; path = Window_ShopperTests.swift; sourceTree = "<group>"; };
		01E70BAC2049F0F500A15641 /* Info.plist */ = {isa = PBXFileReference; lastKnownFileType = text.plist.xml; path = Info.plist; sourceTree = "<group>"; };
		01E70BB12049F0F500A15641 /* Window ShopperUITests.xctest */ = {isa = PBXFileReference; explicitFileType = wrapper.cfbundle; includeInIndex = 0; path = "Window ShopperUITests.xctest"; sourceTree = BUILT_PRODUCTS_DIR; };
		01E70BB52049F0F600A15641 /* Window_ShopperUITests.swift */ = {isa = PBXFileReference; lastKnownFileType = sourcecode.swift; path = Window_ShopperUITests.swift; sourceTree = "<group>"; };
		01E70BB72049F0F600A15641 /* Info.plist */ = {isa = PBXFileReference; lastKnownFileType = text.plist.xml; path = Info.plist; sourceTree = "<group>"; };
		01E70BC6204AA3C500A15641 /* CurrencyTextField.swift */ = {isa = PBXFileReference; lastKnownFileType = sourcecode.swift; path = CurrencyTextField.swift; sourceTree = "<group>"; };
/* End PBXFileReference section */

/* Begin PBXFrameworksBuildPhase section */
		01E70B8F2049F0F400A15641 /* Frameworks */ = {
			isa = PBXFrameworksBuildPhase;
			buildActionMask = 2147483647;
			files = (
			);
			runOnlyForDeploymentPostprocessing = 0;
		};
		01E70BA32049F0F500A15641 /* Frameworks */ = {
			isa = PBXFrameworksBuildPhase;
			buildActionMask = 2147483647;
			files = (
			);
			runOnlyForDeploymentPostprocessing = 0;
		};
		01E70BAE2049F0F500A15641 /* Frameworks */ = {
			isa = PBXFrameworksBuildPhase;
			buildActionMask = 2147483647;
			files = (
			);
			runOnlyForDeploymentPostprocessing = 0;
		};
/* End PBXFrameworksBuildPhase section */

/* Begin PBXGroup section */
		01E70B892049F0F400A15641 = {
			isa = PBXGroup;
			children = (
				01E70B942049F0F500A15641 /* Window Shopper */,
				01E70BA92049F0F500A15641 /* Window ShopperTests */,
				01E70BB42049F0F600A15641 /* Window ShopperUITests */,
				01E70B932049F0F500A15641 /* Products */,
			);
			sourceTree = "<group>";
		};
		01E70B932049F0F500A15641 /* Products */ = {
			isa = PBXGroup;
			children = (
				01E70B922049F0F500A15641 /* Window Shopper.app */,
				01E70BA62049F0F500A15641 /* Window ShopperTests.xctest */,
				01E70BB12049F0F500A15641 /* Window ShopperUITests.xctest */,
			);
			name = Products;
			sourceTree = "<group>";
		};
		01E70B942049F0F500A15641 /* Window Shopper */ = {
			isa = PBXGroup;
			children = (
				01E70BC32049F12300A15641 /* Model */,
				01E70BC42049F13A00A15641 /* View */,
				01E70BC52049F14200A15641 /* Controller */,
				01E70B952049F0F500A15641 /* AppDelegate.swift */,
				01E70B992049F0F500A15641 /* Main.storyboard */,
				01E70B9C2049F0F500A15641 /* Assets.xcassets */,
				01E70B9E2049F0F500A15641 /* LaunchScreen.storyboard */,
				01E70BA12049F0F500A15641 /* Info.plist */,
			);
			path = "Window Shopper";
			sourceTree = "<group>";
		};
		01E70BA92049F0F500A15641 /* Window ShopperTests */ = {
			isa = PBXGroup;
			children = (
				01E70BAA2049F0F500A15641 /* Window_ShopperTests.swift */,
				01E70BAC2049F0F500A15641 /* Info.plist */,
			);
			path = "Window ShopperTests";
			sourceTree = "<group>";
		};
		01E70BB42049F0F600A15641 /* Window ShopperUITests */ = {
			isa = PBXGroup;
			children = (
				01E70BB52049F0F600A15641 /* Window_ShopperUITests.swift */,
				01E70BB72049F0F600A15641 /* Info.plist */,
			);
			path = "Window ShopperUITests";
			sourceTree = "<group>";
		};
		01E70BC32049F12300A15641 /* Model */ = {
			isa = PBXGroup;
			children = (
			);
			path = Model;
			sourceTree = "<group>";
		};
		01E70BC42049F13A00A15641 /* View */ = {
			isa = PBXGroup;
			children = (
				01E70BC6204AA3C500A15641 /* CurrencyTextField.swift */,
			);
			path = View;
			sourceTree = "<group>";
		};
		01E70BC52049F14200A15641 /* Controller */ = {
			isa = PBXGroup;
			children = (
				01E70B972049F0F500A15641 /* MainVC.swift */,
			);
			path = Controller;
			sourceTree = "<group>";
		};
/* End PBXGroup section */

/* Begin PBXNativeTarget section */
		01E70B912049F0F400A15641 /* Window Shopper */ = {
			isa = PBXNativeTarget;
			buildConfigurationList = 01E70BBA2049F0F600A15641 /* Build configuration list for PBXNativeTarget "Window Shopper" */;
			buildPhases = (
				01E70B8E2049F0F400A15641 /* Sources */,
				01E70B8F2049F0F400A15641 /* Frameworks */,
				01E70B902049F0F400A15641 /* Resources */,
			);
			buildRules = (
			);
			dependencies = (
			);
			name = "Window Shopper";
			productName = "Window Shopper";
			productReference = 01E70B922049F0F500A15641 /* Window Shopper.app */;
			productType = "com.apple.product-type.application";
		};
		01E70BA52049F0F500A15641 /* Window ShopperTests */ = {
			isa = PBXNativeTarget;
			buildConfigurationList = 01E70BBD2049F0F600A15641 /* Build configuration list for PBXNativeTarget "Window ShopperTests" */;
			buildPhases = (
				01E70BA22049F0F500A15641 /* Sources */,
				01E70BA32049F0F500A15641 /* Frameworks */,
				01E70BA42049F0F500A15641 /* Resources */,
			);
			buildRules = (
			);
			dependencies = (
				01E70BA82049F0F500A15641 /* PBXTargetDependency */,
			);
			name = "Window ShopperTests";
			productName = "Window ShopperTests";
			productReference = 01E70BA62049F0F500A15641 /* Window ShopperTests.xctest */;
			productType = "com.apple.product-type.bundle.unit-test";
		};
		01E70BB02049F0F500A15641 /* Window ShopperUITests */ = {
			isa = PBXNativeTarget;
			buildConfigurationList = 01E70BC02049F0F600A15641 /* Build configuration list for PBXNativeTarget "Window ShopperUITests" */;
			buildPhases = (
				01E70BAD2049F0F500A15641 /* Sources */,
				01E70BAE2049F0F500A15641 /* Frameworks */,
				01E70BAF2049F0F500A15641 /* Resources */,
			);
			buildRules = (
			);
			dependencies = (
				01E70BB32049F0F500A15641 /* PBXTargetDependency */,
			);
			name = "Window ShopperUITests";
			productName = "Window ShopperUITests";
			productReference = 01E70BB12049F0F500A15641 /* Window ShopperUITests.xctest */;
			productType = "com.apple.product-type.bundle.ui-testing";
		};
/* End PBXNativeTarget section */

/* Begin PBXProject section */
		01E70B8A2049F0F400A15641 /* Project object */ = {
			isa = PBXProject;
			attributes = {
				LastSwiftUpdateCheck = 0920;
				LastUpgradeCheck = 0920;
				ORGANIZATIONNAME = DutchAppFactory;
				TargetAttributes = {
					01E70B912049F0F400A15641 = {
						CreatedOnToolsVersion = 9.2;
						ProvisioningStyle = Automatic;
					};
					01E70BA52049F0F500A15641 = {
						CreatedOnToolsVersion = 9.2;
						ProvisioningStyle = Automatic;
						TestTargetID = 01E70B912049F0F400A15641;
					};
					01E70BB02049F0F500A15641 = {
						CreatedOnToolsVersion = 9.2;
						ProvisioningStyle = Automatic;
						TestTargetID = 01E70B912049F0F400A15641;
					};
				};
			};
			buildConfigurationList = 01E70B8D2049F0F400A15641 /* Build configuration list for PBXProject "Window Shopper" */;
			compatibilityVersion = "Xcode 8.0";
			developmentRegion = en;
			hasScannedForEncodings = 0;
			knownRegions = (
				en,
				Base,
			);
			mainGroup = 01E70B892049F0F400A15641;
			productRefGroup = 01E70B932049F0F500A15641 /* Products */;
			projectDirPath = "";
			projectRoot = "";
			targets = (
				01E70B912049F0F400A15641 /* Window Shopper */,
				01E70BA52049F0F500A15641 /* Window ShopperTests */,
				01E70BB02049F0F500A15641 /* Window ShopperUITests */,
			);
		};
/* End PBXProject section */

/* Begin PBXResourcesBuildPhase section */
		01E70B902049F0F400A15641 /* Resources */ = {
			isa = PBXResourcesBuildPhase;
			buildActionMask = 2147483647;
			files = (
				01E70BA02049F0F500A15641 /* LaunchScreen.storyboard in Resources */,
				01E70B9D2049F0F500A15641 /* Assets.xcassets in Resources */,
				01E70B9B2049F0F500A15641 /* Main.storyboard in Resources */,
			);
			runOnlyForDeploymentPostprocessing = 0;
		};
		01E70BA42049F0F500A15641 /* Resources */ = {
			isa = PBXResourcesBuildPhase;
			buildActionMask = 2147483647;
			files = (
			);
			runOnlyForDeploymentPostprocessing = 0;
		};
		01E70BAF2049F0F500A15641 /* Resources */ = {
			isa = PBXResourcesBuildPhase;
			buildActionMask = 2147483647;
			files = (
			);
			runOnlyForDeploymentPostprocessing = 0;
		};
/* End PBXResourcesBuildPhase section */

/* Begin PBXSourcesBuildPhase section */
		01E70B8E2049F0F400A15641 /* Sources */ = {
			isa = PBXSourcesBuildPhase;
			buildActionMask = 2147483647;
			files = (
				01E70BC7204AA3C500A15641 /* CurrencyTextField.swift in Sources */,
				01E70B982049F0F500A15641 /* MainVC.swift in Sources */,
				01E70B962049F0F500A15641 /* AppDelegate.swift in Sources */,
			);
			runOnlyForDeploymentPostprocessing = 0;
		};
		01E70BA22049F0F500A15641 /* Sources */ = {
			isa = PBXSourcesBuildPhase;
			buildActionMask = 2147483647;
			files = (
				01E70BAB2049F0F500A15641 /* Window_ShopperTests.swift in Sources */,
			);
			runOnlyForDeploymentPostprocessing = 0;
		};
		01E70BAD2049F0F500A15641 /* Sources */ = {
			isa = PBXSourcesBuildPhase;
			buildActionMask = 2147483647;
			files = (
				01E70BB62049F0F600A15641 /* Window_ShopperUITests.swift in Sources */,
			);
			runOnlyForDeploymentPostprocessing = 0;
		};
/* End PBXSourcesBuildPhase section */

/* Begin PBXTargetDependency section */
		01E70BA82049F0F500A15641 /* PBXTargetDependency */ = {
			isa = PBXTargetDependency;
			target = 01E70B912049F0F400A15641 /* Window Shopper */;
			targetProxy = 01E70BA72049F0F500A15641 /* PBXContainerItemProxy */;
		};
		01E70BB32049F0F500A15641 /* PBXTargetDependency */ = {
			isa = PBXTargetDependency;
			target = 01E70B912049F0F400A15641 /* Window Shopper */;
			targetProxy = 01E70BB22049F0F500A15641 /* PBXContainerItemProxy */;
		};
/* End PBXTargetDependency section */

/* Begin PBXVariantGroup section */
		01E70B992049F0F500A15641 /* Main.storyboard */ = {
			isa = PBXVariantGroup;
			children = (
				01E70B9A2049F0F500A15641 /* Base */,
			);
			name = Main.storyboard;
			sourceTree = "<group>";
		};
		01E70B9E2049F0F500A15641 /* LaunchScreen.storyboard */ = {
			isa = PBXVariantGroup;
			children = (
				01E70B9F2049F0F500A15641 /* Base */,
			);
			name = LaunchScreen.storyboard;
			sourceTree = "<group>";
		};
/* End PBXVariantGroup section */

/* Begin XCBuildConfiguration section */
		01E70BB82049F0F600A15641 /* Debug */ = {
			isa = XCBuildConfiguration;
			buildSettings = {
				ALWAYS_SEARCH_USER_PATHS = NO;
				CLANG_ANALYZER_NONNULL = YES;
				CLANG_ANALYZER_NUMBER_OBJECT_CONVERSION = YES_AGGRESSIVE;
				CLANG_CXX_LANGUAGE_STANDARD = "gnu++14";
				CLANG_CXX_LIBRARY = "libc++";
				CLANG_ENABLE_MODULES = YES;
				CLANG_ENABLE_OBJC_ARC = YES;
				CLANG_WARN_BLOCK_CAPTURE_AUTORELEASING = YES;
				CLANG_WARN_BOOL_CONVERSION = YES;
				CLANG_WARN_COMMA = YES;
				CLANG_WARN_CONSTANT_CONVERSION = YES;
				CLANG_WARN_DIRECT_OBJC_ISA_USAGE = YES_ERROR;
				CLANG_WARN_DOCUMENTATION_COMMENTS = YES;
				CLANG_WARN_EMPTY_BODY = YES;
				CLANG_WARN_ENUM_CONVERSION = YES;
				CLANG_WARN_INFINITE_RECURSION = YES;
				CLANG_WARN_INT_CONVERSION = YES;
				CLANG_WARN_NON_LITERAL_NULL_CONVERSION = YES;
				CLANG_WARN_OBJC_LITERAL_CONVERSION = YES;
				CLANG_WARN_OBJC_ROOT_CLASS = YES_ERROR;
				CLANG_WARN_RANGE_LOOP_ANALYSIS = YES;
				CLANG_WARN_STRICT_PROTOTYPES = YES;
				CLANG_WARN_SUSPICIOUS_MOVE = YES;
				CLANG_WARN_UNGUARDED_AVAILABILITY = YES_AGGRESSIVE;
				CLANG_WARN_UNREACHABLE_CODE = YES;
				CLANG_WARN__DUPLICATE_METHOD_MATCH = YES;
				CODE_SIGN_IDENTITY = "iPhone Developer";
				COPY_PHASE_STRIP = NO;
				DEBUG_INFORMATION_FORMAT = dwarf;
				ENABLE_STRICT_OBJC_MSGSEND = YES;
				ENABLE_TESTABILITY = YES;
				GCC_C_LANGUAGE_STANDARD = gnu11;
				GCC_DYNAMIC_NO_PIC = NO;
				GCC_NO_COMMON_BLOCKS = YES;
				GCC_OPTIMIZATION_LEVEL = 0;
				GCC_PREPROCESSOR_DEFINITIONS = (
					"DEBUG=1",
					"$(inherited)",
				);
				GCC_WARN_64_TO_32_BIT_CONVERSION = YES;
				GCC_WARN_ABOUT_RETURN_TYPE = YES_ERROR;
				GCC_WARN_UNDECLARED_SELECTOR = YES;
				GCC_WARN_UNINITIALIZED_AUTOS = YES_AGGRESSIVE;
				GCC_WARN_UNUSED_FUNCTION = YES;
				GCC_WARN_UNUSED_VARIABLE = YES;
				IPHONEOS_DEPLOYMENT_TARGET = 11.2;
				MTL_ENABLE_DEBUG_INFO = YES;
				ONLY_ACTIVE_ARCH = YES;
				SDKROOT = iphoneos;
				SWIFT_ACTIVE_COMPILATION_CONDITIONS = DEBUG;
				SWIFT_OPTIMIZATION_LEVEL = "-Onone";
			};
			name = Debug;
		};
		01E70BB92049F0F600A15641 /* Release */ = {
			isa = XCBuildConfiguration;
			buildSettings = {
				ALWAYS_SEARCH_USER_PATHS = NO;
				CLANG_ANALYZER_NONNULL = YES;
				CLANG_ANALYZER_NUMBER_OBJECT_CONVERSION = YES_AGGRESSIVE;
				CLANG_CXX_LANGUAGE_STANDARD = "gnu++14";
				CLANG_CXX_LIBRARY = "libc++";
				CLANG_ENABLE_MODULES = YES;
				CLANG_ENABLE_OBJC_ARC = YES;
				CLANG_WARN_BLOCK_CAPTURE_AUTORELEASING = YES;
				CLANG_WARN_BOOL_CONVERSION = YES;
				CLANG_WARN_COMMA = YES;
				CLANG_WARN_CONSTANT_CONVERSION = YES;
				CLANG_WARN_DIRECT_OBJC_ISA_USAGE = YES_ERROR;
				CLANG_WARN_DOCUMENTATION_COMMENTS = YES;
				CLANG_WARN_EMPTY_BODY = YES;
				CLANG_WARN_ENUM_CONVERSION = YES;
				CLANG_WARN_INFINITE_RECURSION = YES;
				CLANG_WARN_INT_CONVERSION = YES;
				CLANG_WARN_NON_LITERAL_NULL_CONVERSION = YES;
				CLANG_WARN_OBJC_LITERAL_CONVERSION = YES;
				CLANG_WARN_OBJC_ROOT_CLASS = YES_ERROR;
				CLANG_WARN_RANGE_LOOP_ANALYSIS = YES;
				CLANG_WARN_STRICT_PROTOTYPES = YES;
				CLANG_WARN_SUSPICIOUS_MOVE = YES;
				CLANG_WARN_UNGUARDED_AVAILABILITY = YES_AGGRESSIVE;
				CLANG_WARN_UNREACHABLE_CODE = YES;
				CLANG_WARN__DUPLICATE_METHOD_MATCH = YES;
				CODE_SIGN_IDENTITY = "iPhone Developer";
				COPY_PHASE_STRIP = NO;
				DEBUG_INFORMATION_FORMAT = "dwarf-with-dsym";
				ENABLE_NS_ASSERTIONS = NO;
				ENABLE_STRICT_OBJC_MSGSEND = YES;
				GCC_C_LANGUAGE_STANDARD = gnu11;
				GCC_NO_COMMON_BLOCKS = YES;
				GCC_WARN_64_TO_32_BIT_CONVERSION = YES;
				GCC_WARN_ABOUT_RETURN_TYPE = YES_ERROR;
				GCC_WARN_UNDECLARED_SELECTOR = YES;
				GCC_WARN_UNINITIALIZED_AUTOS = YES_AGGRESSIVE;
				GCC_WARN_UNUSED_FUNCTION = YES;
				GCC_WARN_UNUSED_VARIABLE = YES;
				IPHONEOS_DEPLOYMENT_TARGET = 11.2;
				MTL_ENABLE_DEBUG_INFO = NO;
				SDKROOT = iphoneos;
				SWIFT_OPTIMIZATION_LEVEL = "-Owholemodule";
				VALIDATE_PRODUCT = YES;
			};
			name = Release;
		};
		01E70BBB2049F0F600A15641 /* Debug */ = {
			isa = XCBuildConfiguration;
			buildSettings = {
				ASSETCATALOG_COMPILER_APPICON_NAME = AppIcon;
				CODE_SIGN_STYLE = Automatic;
				DEVELOPMENT_TEAM = QUF74GRPF3;
				INFOPLIST_FILE = "Window Shopper/Info.plist";
				LD_RUNPATH_SEARCH_PATHS = "$(inherited) @executable_path/Frameworks";
				PRODUCT_BUNDLE_IDENTIFIER = "com.DutchAppFactory.Window-Shopper";
				PRODUCT_NAME = "$(TARGET_NAME)";
				SWIFT_VERSION = 4.0;
				TARGETED_DEVICE_FAMILY = "1,2";
			};
			name = Debug;
		};
		01E70BBC2049F0F600A15641 /* Release */ = {
			isa = XCBuildConfiguration;
			buildSettings = {
				ASSETCATALOG_COMPILER_APPICON_NAME = AppIcon;
				CODE_SIGN_STYLE = Automatic;
				DEVELOPMENT_TEAM = QUF74GRPF3;
				INFOPLIST_FILE = "Window Shopper/Info.plist";
				LD_RUNPATH_SEARCH_PATHS = "$(inherited) @executable_path/Frameworks";
				PRODUCT_BUNDLE_IDENTIFIER = "com.DutchAppFactory.Window-Shopper";
				PRODUCT_NAME = "$(TARGET_NAME)";
				SWIFT_VERSION = 4.0;
				TARGETED_DEVICE_FAMILY = "1,2";
			};
			name = Release;
		};
		01E70BBE2049F0F600A15641 /* Debug */ = {
			isa = XCBuildConfiguration;
			buildSettings = {
				ALWAYS_EMBED_SWIFT_STANDARD_LIBRARIES = YES;
				BUNDLE_LOADER = "$(TEST_HOST)";
				CODE_SIGN_STYLE = Automatic;
				DEVELOPMENT_TEAM = QUF74GRPF3;
				INFOPLIST_FILE = "Window ShopperTests/Info.plist";
				LD_RUNPATH_SEARCH_PATHS = "$(inherited) @executable_path/Frameworks @loader_path/Frameworks";
				PRODUCT_BUNDLE_IDENTIFIER = "com.DutchAppFactory.Window-ShopperTests";
				PRODUCT_NAME = "$(TARGET_NAME)";
				SWIFT_VERSION = 4.0;
				TARGETED_DEVICE_FAMILY = "1,2";
				TEST_HOST = "$(BUILT_PRODUCTS_DIR)/Window Shopper.app/Window Shopper";
			};
			name = Debug;
		};
		01E70BBF2049F0F600A15641 /* Release */ = {
			isa = XCBuildConfiguration;
			buildSettings = {
				ALWAYS_EMBED_SWIFT_STANDARD_LIBRARIES = YES;
				BUNDLE_LOADER = "$(TEST_HOST)";
				CODE_SIGN_STYLE = Automatic;
				DEVELOPMENT_TEAM = QUF74GRPF3;
				INFOPLIST_FILE = "Window ShopperTests/Info.plist";
				LD_RUNPATH_SEARCH_PATHS = "$(inherited) @executable_path/Frameworks @loader_path/Frameworks";
				PRODUCT_BUNDLE_IDENTIFIER = "com.DutchAppFactory.Window-ShopperTests";
				PRODUCT_NAME = "$(TARGET_NAME)";
				SWIFT_VERSION = 4.0;
				TARGETED_DEVICE_FAMILY = "1,2";
				TEST_HOST = "$(BUILT_PRODUCTS_DIR)/Window Shopper.app/Window Shopper";
			};
			name = Release;
		};
		01E70BC12049F0F600A15641 /* Debug */ = {
			isa = XCBuildConfiguration;
			buildSettings = {
				ALWAYS_EMBED_SWIFT_STANDARD_LIBRARIES = YES;
				CODE_SIGN_STYLE = Automatic;
				DEVELOPMENT_TEAM = QUF74GRPF3;
				INFOPLIST_FILE = "Window ShopperUITests/Info.plist";
				LD_RUNPATH_SEARCH_PATHS = "$(inherited) @executable_path/Frameworks @loader_path/Frameworks";
				PRODUCT_BUNDLE_IDENTIFIER = "com.DutchAppFactory.Window-ShopperUITests";
				PRODUCT_NAME = "$(TARGET_NAME)";
				SWIFT_VERSION = 4.0;
				TARGETED_DEVICE_FAMILY = "1,2";
				TEST_TARGET_NAME = "Window Shopper";
			};
			name = Debug;
		};
		01E70BC22049F0F600A15641 /* Release */ = {
			isa = XCBuildConfiguration;
			buildSettings = {
				ALWAYS_EMBED_SWIFT_STANDARD_LIBRARIES = YES;
				CODE_SIGN_STYLE = Automatic;
				DEVELOPMENT_TEAM = QUF74GRPF3;
				INFOPLIST_FILE = "Window ShopperUITests/Info.plist";
				LD_RUNPATH_SEARCH_PATHS = "$(inherited) @executable_path/Frameworks @loader_path/Frameworks";
				PRODUCT_BUNDLE_IDENTIFIER = "com.DutchAppFactory.Window-ShopperUITests";
				PRODUCT_NAME = "$(TARGET_NAME)";
				SWIFT_VERSION = 4.0;
				TARGETED_DEVICE_FAMILY = "1,2";
				TEST_TARGET_NAME = "Window Shopper";
			};
			name = Release;
		};
/* End XCBuildConfiguration section */

/* Begin XCConfigurationList section */
		01E70B8D2049F0F400A15641 /* Build configuration list for PBXProject "Window Shopper" */ = {
			isa = XCConfigurationList;
			buildConfigurations = (
				01E70BB82049F0F600A15641 /* Debug */,
				01E70BB92049F0F600A15641 /* Release */,
			);
			defaultConfigurationIsVisible = 0;
			defaultConfigurationName = Release;
		};
		01E70BBA2049F0F600A15641 /* Build configuration list for PBXNativeTarget "Window Shopper" */ = {
			isa = XCConfigurationList;
			buildConfigurations = (
				01E70BBB2049F0F600A15641 /* Debug */,
				01E70BBC2049F0F600A15641 /* Release */,
			);
			defaultConfigurationIsVisible = 0;
			defaultConfigurationName = Release;
		};
		01E70BBD2049F0F600A15641 /* Build configuration list for PBXNativeTarget "Window ShopperTests" */ = {
			isa = XCConfigurationList;
			buildConfigurations = (
				01E70BBE2049F0F600A15641 /* Debug */,
				01E70BBF2049F0F600A15641 /* Release */,
			);
			defaultConfigurationIsVisible = 0;
			defaultConfigurationName = Release;
		};
		01E70BC02049F0F600A15641 /* Build configuration list for PBXNativeTarget "Window ShopperUITests" */ = {
			isa = XCConfigurationList;
			buildConfigurations = (
				01E70BC12049F0F600A15641 /* Debug */,
				01E70BC22049F0F600A15641 /* Release */,
			);
			defaultConfigurationIsVisible = 0;
			defaultConfigurationName = Release;
		};
/* End XCConfigurationList section */
	};
	rootObject = 01E70B8A2049F0F400A15641 /* Project object */;
}
